
Microsoft Visual Studio Solution File, Format Version 12.00
Project("{FAE04EC0-301F-11D3-BF4B-00C04F79EFBC}") = "Application", "Application\Application.csproj", "{9AB26F24-E595-4DEE-BD9D-BF0D4BFE24C6}"
EndProject
Global
	GlobalSection(SolutionConfigurationPlatforms) = preSolution
		Debug|Any CPU = Debug|Any CPU
		Release|Any CPU = Release|Any CPU
	EndGlobalSection
	GlobalSection(ProjectConfigurationPlatforms) = postSolution
		{9AB26F24-E595-4DEE-BD9D-BF0D4BFE24C6}.Debug|Any CPU.ActiveCfg = Debug|Any CPU
		{9AB26F24-E595-4DEE-BD9D-BF0D4BFE24C6}.Debug|Any CPU.Build.0 = Debug|Any CPU
		{9AB26F24-E595-4DEE-BD9D-BF0D4BFE24C6}.Release|Any CPU.ActiveCfg = Release|Any CPU
		{9AB26F24-E595-4DEE-BD9D-BF0D4BFE24C6}.Release|Any CPU.Build.0 = Release|Any CPU
	EndGlobalSection
EndGlobal
